# This file is autogenerated, do not edit; changes may be undone by the next 'dep ensure'.


[[projects]]
  name = "github.com/Luzifer/rconfig"
  packages = ["."]
  revision = "c27bd3a64b5b19556914d9fec69922cf3852d585"
  version = "v1.1.0"

[[projects]]
  name = "github.com/Sirupsen/logrus"
  packages = ["."]
  revision = "3ec0642a7fb6488f65b06f9040adc67e3990296a"

[[projects]]
  name = "github.com/fatih/structs"
  packages = ["."]
  revision = "3fe2facc32a7fbde4b29c0f85604dc1dd22836d2"

[[projects]]
  branch = "master"
  name = "github.com/hashicorp/errwrap"
  packages = ["."]
  revision = "7554cd9344cec97297fa6649b055a8c98c2a1e55"

[[projects]]
  name = "github.com/hashicorp/go-cleanhttp"
  packages = ["."]
  revision = "ad28ea4487f05916463e2423a55166280e8254b5"

[[projects]]
  name = "github.com/hashicorp/go-multierror"
  packages = ["."]
  revision = "d30f09973e19c1dfcd120b2d9c4f168e68d6b5d5"

[[projects]]
  branch = "master"
  name = "github.com/hashicorp/go-rootcerts"
  packages = ["."]
  revision = "6bb64b370b90e7ef1fa532be9e591a81c3493e00"

[[projects]]
  name = "github.com/hashicorp/hcl"
  packages = [".","hcl/ast","hcl/parser","hcl/scanner","hcl/strconv","hcl/token","json/parser","json/scanner","json/token"]
  revision = "ef8133da8cda503718a74741312bf50821e6de79"

[[projects]]
  name = "github.com/hashicorp/vault"
  packages = ["api","helper/certutil","helper/compressutil","helper/errutil","helper/jsonutil"]
  revision = "4490e93395fb70c3a25ade1fe88f363561a7d584"

[[projects]]
  name = "github.com/mattn/go-runewidth"
  packages = ["."]
  revision = "14207d285c6c197daabb5c9793d63e7af9ab2d50"

[[projects]]
  name = "github.com/mitchellh/go-homedir"
  packages = ["."]
  revision = "981ab348d865cf048eb7d17e78ac7192632d8415"

[[projects]]
  name = "github.com/mitchellh/mapstructure"
  packages = ["."]
  revision = "ca63d7c062ee3c9f34db231e352b60012b4fd0c1"

[[projects]]
  name = "github.com/olekukonko/tablewriter"
  packages = ["."]
  revision = "febf2d34b54a69ce7530036c7503b1c9fbfdf0bb"

[[projects]]
  name = "github.com/sethgrid/pester"
  packages = ["."]
  revision = "4f4c0a67b6496764028e1ab9fd8dfb630282ed2f"

[[projects]]
  name = "github.com/spf13/pflag"
  packages = ["."]
  revision = "c7e63cf4530bcd3ba943729cee0efeff2ebea63f"

[[projects]]
  name = "golang.org/x/net"
  packages = ["http2","http2/hpack","idna","lex/httplex"]
  revision = "f09c4662a0bd6bd8943ac7b4931e185df9471da4"

[[projects]]
  name = "golang.org/x/sys"
  packages = ["unix"]
  revision = "8f0908ab3b2457e2e15403d3697c9ef5cb4b57a9"

[[projects]]
  name = "gopkg.in/yaml.v2"
  packages = ["."]
  revision = "31c299268d302dd0aa9a0dcf765a3d58971ac83f"

[solve-meta]
  analyzer-name = "dep"
  analyzer-version = 1
  inputs-digest = "338132dcce86eed0dc26d5c2a448092d59a299761c47da97aed0c6e98e8c355d"
  solver-name = "gps-cdcl"
  solver-version = 1
